{
  "name": "dede_es4b",
  "lockfileVersion": 2,
  "requires": true,
  "packages": {
    "": {
      "devDependencies": {
        "@iconify/react": "^3.1.4"
      }
    },
    "node_modules/@iconify/react": {
      "version": "3.1.4",
      "resolved": "https://registry.npmjs.org/@iconify/react/-/react-3.1.4.tgz",
      "integrity": "sha512-+QOrRkFLw7evkrcoClrDmALM/L8gAZVjnPBmShvGAFhh9EqVLX7bBwlEbSEyUFK1f/54f1HSJIJF8Xz+cbNvow==",
      "dev": true,
      "funding": {
        "url": "http://github.com/sponsors/cyberalien"
      }
    }
  },
  "dependencies": {
    "@iconify/react": {
      "version": "3.1.4",
      "resolved": "https://registry.npmjs.org/@iconify/react/-/react-3.1.4.tgz",
      "integrity": "sha512-+QOrRkFLw7evkrcoClrDmALM/L8gAZVjnPBmShvGAFhh9EqVLX7bBwlEbSEyUFK1f/54f1HSJIJF8Xz+cbNvow==",
      "dev": true
    }
  }
}
